{
  "version": 1,
  "dependencies": {
    "net9.0-windows7.0": {
      "DalamudPackager": {
        "type": "Direct",
        "requested": "[12.0.0, )",
        "resolved": "12.0.0",
        "contentHash": "J5TJLV3f16T/E2H2P17ClWjtfEBPpq3yxvqW46eN36JCm6wR+EaoaYkqG9Rm5sHqs3/nK/vKjWWyvEs/jhKoXw=="
      },
      "DotNet.ReproducibleBuilds": {
        "type": "Direct",
        "requested": "[1.2.25, )",
        "resolved": "1.2.25",
        "contentHash": "xCXiw7BCxHJ8pF6wPepRUddlh2dlQlbr81gXA72hdk4FLHkKXas7EH/n+fk5UCA/YfMqG1Z6XaPiUjDbUNBUzg=="
      },
      "Microsoft.Data.Sqlite.Core": {
        "type": "Direct",
        "requested": "[9.0.7, )",
        "resolved": "9.0.7",
        "contentHash": "yjlU0Wu0tAexFPlo/bbkYFMWyEkVHqr5AONyh91YJ4KH+hys+eAzHQxd14aZwtQOgpJ5s9r3QL9+tVJww8w69Q==",
        "dependencies": {
          "SQLitePCLRaw.core": "2.1.10"
        }
      },
      "SQLite": {
        "type": "Direct",
        "requested": "[3.13.0, )",
        "resolved": "3.13.0",
        "contentHash": "MJfRiz2p6aMVOxrxGMdVzhpzI0oxTgZSwC8eVuOpV8L7yYaFUu8q/OFYwv9P0/aZ/pdEu24O6gma6wZJMTun9A=="
      },
      "SQLitePCLRaw.bundle_e_sqlite3": {
        "type": "Direct",
        "requested": "[3.0.0, )",
        "resolved": "3.0.0",
        "contentHash": "fve56V3V/IBJT34ak0pFiJTAl/djHeQNd7/s7e1BlvpAnQT51uu7gk+2kFLe3UEVkCm3nfvODujRDjz5qsNE7A==",
        "dependencies": {
          "SQLitePCLRaw.config.e_sqlite3": "3.0.0",
          "SQLitePCLRaw.lib.e_sqlite3": "3.50.3"
        }
      },
      "YamlDotNet": {
        "type": "Direct",
        "requested": "[16.3.0, )",
        "resolved": "16.3.0",
        "contentHash": "SgMOdxbz8X65z8hraIs6hOEdnkH6hESTAIUa7viEngHOYaH+6q5XJmwr1+yb9vJpNQ19hCQY69xbFsLtXpobQA=="
      },
      "SQLitePCLRaw.config.e_sqlite3": {
        "type": "Transitive",
        "resolved": "3.0.0",
        "contentHash": "hfbVNSnATZzAAH1Lncl1y692zt+O4Dq/gEV1uDIHUnkodFxuyTagQLSvqQHpbwhvTpeXlVTZNos/5Jf/HbVToQ==",
        "dependencies": {
          "SQLitePCLRaw.provider.e_sqlite3": "3.0.0"
        }
      },
      "SQLitePCLRaw.core": {
        "type": "Transitive",
        "resolved": "3.0.0",
        "contentHash": "tnVrkfPiCpHRWPahEI+tRd8jcqyoaJUi5V93x68EM0h2+QDDL4SvSk2maEkjV/mYj5vATLzcXV91QmcfHZGOMw==",
        "dependencies": {
          "System.Memory": "4.6.3"
        }
      },
      "SQLitePCLRaw.lib.e_sqlite3": {
        "type": "Transitive",
        "resolved": "3.50.3",
        "contentHash": "tVyhqQ8wxgedWiiPFChyZhE8I3PkOM/AE1azsj1qsdYUws13ONBFyi3aDxju4tD2kzedB2q5+50WrTyY0h2gMQ=="
      },
      "SQLitePCLRaw.provider.e_sqlite3": {
        "type": "Transitive",
        "resolved": "3.0.0",
        "contentHash": "/+tYEcxy6X7az6+bwOxphSp63vRIZyL3ag8Dx0dqWz7Xq3XfTsB/rgIZ/2YwDCH8krln4CjSJ03D2WnOgkQMSw==",
        "dependencies": {
          "SQLitePCLRaw.core": "3.0.0"
        }
      },
      "System.Memory": {
        "type": "Transitive",
        "resolved": "4.6.3",
        "contentHash": "qdcDOgnFZY40+Q9876JUHnlHu7bosOHX8XISRoH94fwk6hgaeQGSgfZd8srWRZNt5bV9ZW2TljcegDNxsf+96A=="
      },
      "ecommons": {
        "type": "Project"
      }
    }
  }
}